
Microsoft Visual Studio Solution File, Format Version 12.00
# Visual Studio Version 17
VisualStudioVersion = 17.14.36203.30
MinimumVisualStudioVersion = 10.0.40219.1
Project("{FAE04EC0-301F-11D3-BF4B-00C04F79EFBC}") = "PetStore", "PetsStore\PetStore.csproj", "{7C9F0EF0-F52D-4106-9373-CEE22313E8F8}"
EndProject
Project("{FAE04EC0-301F-11D3-BF4B-00C04F79EFBC}") = "GameTwistManual", "GameTwistManual\GameTwistManual.csproj", "{A9C370AB-39F4-4922-AEA2-F42CF287FAF3}"
EndProject
Global
	GlobalSection(SolutionConfigurationPlatforms) = preSolution
		Debug|Any CPU = Debug|Any CPU
		Release|Any CPU = Release|Any CPU
	EndGlobalSection
	GlobalSection(ProjectConfigurationPlatforms) = postSolution
		{7C9F0EF0-F52D-4106-9373-CEE22313E8F8}.Debug|Any CPU.ActiveCfg = Debug|Any CPU
		{7C9F0EF0-F52D-4106-9373-CEE22313E8F8}.Debug|Any CPU.Build.0 = Debug|Any CPU
		{7C9F0EF0-F52D-4106-9373-CEE22313E8F8}.Release|Any CPU.ActiveCfg = Release|Any CPU
		{7C9F0EF0-F52D-4106-9373-CEE22313E8F8}.Release|Any CPU.Build.0 = Release|Any CPU
		{A9C370AB-39F4-4922-AEA2-F42CF287FAF3}.Debug|Any CPU.ActiveCfg = Debug|Any CPU
		{A9C370AB-39F4-4922-AEA2-F42CF287FAF3}.Debug|Any CPU.Build.0 = Debug|Any CPU
		{A9C370AB-39F4-4922-AEA2-F42CF287FAF3}.Release|Any CPU.ActiveCfg = Release|Any CPU
		{A9C370AB-39F4-4922-AEA2-F42CF287FAF3}.Release|Any CPU.Build.0 = Release|Any CPU
	EndGlobalSection
	GlobalSection(SolutionProperties) = preSolution
		HideSolutionNode = FALSE
	EndGlobalSection
	GlobalSection(ExtensibilityGlobals) = postSolution
		SolutionGuid = {9B89EF04-AFD2-45C2-826A-70F998AE04F7}
	EndGlobalSection
EndGlobal
